{
  "nodes": {
    "flake-utils": {
      "locked": {
        "lastModified": 1623660459,
        "narHash": "sha256-OTmOsh43po7r5F9s9H6lVCBQ2b0FikWbmiwLbMAGRdw=",
        "owner": "numtide",
        "repo": "flake-utils",
        "rev": "98c8d36b1828009b20f12544214683c7489935a1",
        "type": "github"
      },
      "original": {
        "owner": "numtide",
        "repo": "flake-utils",
        "type": "github"
      }
    },
    "home-manager": {
      "inputs": {
        "nixpkgs": [
          "nixpkgs"
        ]
      },
      "locked": {
        "lastModified": 1623705021,
        "narHash": "sha256-/GZUHILpflqCINtlY1seepsiUbkx89b2PoGWIKV1+Io=",
        "owner": "nix-community",
        "repo": "home-manager",
        "rev": "1375fd4a030c27e6c6208b31b8189ca41da01fb0",
        "type": "github"
      },
      "original": {
        "owner": "nix-community",
        "repo": "home-manager",
        "type": "github"
      }
    },
    "nixos-cn": {
      "inputs": {
        "flake-utils": [
          "flake-utils"
        ],
        "nixpkgs": [
          "nixpkgs"
        ]
      },
      "locked": {
        "lastModified": 1623723637,
        "narHash": "sha256-pvX6u8KKzj6A8rhF1cResSWvrF/JIUqM7rLcD8uBF0g=",
        "owner": "nixos-cn",
        "repo": "flakes",
        "rev": "f239af7c039fab4e23c48e981e82842d586584d9",
        "type": "github"
      },
      "original": {
        "owner": "nixos-cn",
        "repo": "flakes",
        "type": "github"
      }
    },
    "nixpkgs": {
      "locked": {
        "lastModified": 1623324058,
        "narHash": "sha256-Jm9GUTXdjXz56gWDKy++EpFfjrBaxqXlLvTLfgEi8lo=",
        "owner": "nixos",
        "repo": "nixpkgs",
        "rev": "432fc2d9a67f92e05438dff5fdc2b39d33f77997",
        "type": "github"
      },
      "original": {
        "owner": "nixos",
        "ref": "nixos-unstable",
        "repo": "nixpkgs",
        "type": "github"
      }
    },
    "nixpkgs-stable": {
      "locked": {
        "lastModified": 1623585158,
        "narHash": "sha256-AjK7M1/six8IBPOI28nm7yC2k8mZIR2F9QrOwFYHAS0=",
        "owner": "nixos",
        "repo": "nixpkgs",
        "rev": "115dbbe82eb4ec8aabf959068286468a68e0b244",
        "type": "github"
      },
      "original": {
        "owner": "nixos",
        "ref": "nixos-20.09",
        "repo": "nixpkgs",
        "type": "github"
      }
    },
    "root": {
      "inputs": {
        "flake-utils": "flake-utils",
        "home-manager": "home-manager",
        "nixos-cn": "nixos-cn",
        "nixpkgs": "nixpkgs",
        "nixpkgs-stable": "nixpkgs-stable",
        "rust-overlay": "rust-overlay",
        "xdgify-overlay": "xdgify-overlay"
      }
    },
    "rust-overlay": {
      "inputs": {
        "flake-utils": [
          "flake-utils"
        ],
        "nixpkgs": [
          "nixpkgs"
        ]
      },
      "locked": {
        "lastModified": 1623723843,
        "narHash": "sha256-r46GP5ASOnmZvocW6gdoYgNCrTOOQ7BuI1a5Jo4oQIo=",
        "owner": "oxalica",
        "repo": "rust-overlay",
        "rev": "95d75d1c900ac5b43750adbd960b49b60753ad6e",
        "type": "github"
      },
      "original": {
        "owner": "oxalica",
        "repo": "rust-overlay",
        "type": "github"
      }
    },
    "xdgify-overlay": {
      "inputs": {
        "flake-utils": [
          "flake-utils"
        ],
        "nixpkgs": [
          "nixpkgs"
        ]
      },
      "locked": {
        "lastModified": 1623087078,
        "narHash": "sha256-D9nWLOatDoZNKP1bOfATs1Xtbjev44HjmI3NcmkCr/k=",
        "owner": "oxalica",
        "repo": "xdgify-overlay",
        "rev": "60ca89ff1358f0705e51b14aa2116fa44a4c73c4",
        "type": "github"
      },
      "original": {
        "owner": "oxalica",
        "repo": "xdgify-overlay",
        "type": "github"
      }
    }
  },
  "root": "root",
  "version": 7
}
